// !$*UTF8*$!
{
	archiveVersion = 1;
	classes = {
	};
	objectVersion = 55;
	objects = {

/* Begin PBXBuildFile section */
		B9EC27A23907CE7A71B4F8E0 /* Pods_MovieX.framework in Frameworks */ = {isa = PBXBuildFile; fileRef = 2247AE1B2371A41ABBE8BB12 /* Pods_MovieX.framework */; };
		E9202DE1296AB02300D8E0EB /* Core.framework in Frameworks */ = {isa = PBXBuildFile; fileRef = E9202DE0296AB02300D8E0EB /* Core.framework */; };
		E9202DE2296AB02300D8E0EB /* Core.framework in Embed Frameworks */ = {isa = PBXBuildFile; fileRef = E9202DE0296AB02300D8E0EB /* Core.framework */; settings = {ATTRIBUTES = (CodeSignOnCopy, RemoveHeadersOnCopy, ); }; };
		E9202DE5296AB02700D8E0EB /* Home.framework in Frameworks */ = {isa = PBXBuildFile; fileRef = E9202DE4296AB02700D8E0EB /* Home.framework */; };
		E9202DE6296AB02700D8E0EB /* Home.framework in Embed Frameworks */ = {isa = PBXBuildFile; fileRef = E9202DE4296AB02700D8E0EB /* Home.framework */; settings = {ATTRIBUTES = (CodeSignOnCopy, RemoveHeadersOnCopy, ); }; };
		E9202E93296ABA2E00D8E0EB /* Detail.framework in Frameworks */ = {isa = PBXBuildFile; fileRef = E9202E92296ABA2E00D8E0EB /* Detail.framework */; };
		E9202E94296ABA2E00D8E0EB /* Detail.framework in Embed Frameworks */ = {isa = PBXBuildFile; fileRef = E9202E92296ABA2E00D8E0EB /* Detail.framework */; settings = {ATTRIBUTES = (CodeSignOnCopy, RemoveHeadersOnCopy, ); }; };
		E9202E96296ABA3400D8E0EB /* MovieXUI.framework in Frameworks */ = {isa = PBXBuildFile; fileRef = E9202E95296ABA3400D8E0EB /* MovieXUI.framework */; };
		E9202E97296ABA3400D8E0EB /* MovieXUI.framework in Embed Frameworks */ = {isa = PBXBuildFile; fileRef = E9202E95296ABA3400D8E0EB /* MovieXUI.framework */; settings = {ATTRIBUTES = (CodeSignOnCopy, RemoveHeadersOnCopy, ); }; };
		E9202F26296ADDFD00D8E0EB /* Favorite.framework in Frameworks */ = {isa = PBXBuildFile; fileRef = E9202F25296ADDFD00D8E0EB /* Favorite.framework */; };
		E9202F27296ADDFD00D8E0EB /* Favorite.framework in Embed Frameworks */ = {isa = PBXBuildFile; fileRef = E9202F25296ADDFD00D8E0EB /* Favorite.framework */; settings = {ATTRIBUTES = (CodeSignOnCopy, RemoveHeadersOnCopy, ); }; };
		E9202F29296ADE1100D8E0EB /* Settings.framework in Frameworks */ = {isa = PBXBuildFile; fileRef = E9202F28296ADE1100D8E0EB /* Settings.framework */; };
		E9202F2A296ADE1100D8E0EB /* Settings.framework in Embed Frameworks */ = {isa = PBXBuildFile; fileRef = E9202F28296ADE1100D8E0EB /* Settings.framework */; settings = {ATTRIBUTES = (CodeSignOnCopy, RemoveHeadersOnCopy, ); }; };
		E9202F2C296ADE5F00D8E0EB /* About.framework in Frameworks */ = {isa = PBXBuildFile; fileRef = E9202F2B296ADE5F00D8E0EB /* About.framework */; };
		E9202F2D296ADE5F00D8E0EB /* About.framework in Embed Frameworks */ = {isa = PBXBuildFile; fileRef = E9202F2B296ADE5F00D8E0EB /* About.framework */; settings = {ATTRIBUTES = (CodeSignOnCopy, RemoveHeadersOnCopy, ); }; };
		E9202F2F296ADEE700D8E0EB /* Search.framework in Frameworks */ = {isa = PBXBuildFile; fileRef = E9202F2E296ADEE700D8E0EB /* Search.framework */; };
		E9202F30296ADEE700D8E0EB /* Search.framework in Embed Frameworks */ = {isa = PBXBuildFile; fileRef = E9202F2E296ADEE700D8E0EB /* Search.framework */; settings = {ATTRIBUTES = (CodeSignOnCopy, RemoveHeadersOnCopy, ); }; };
		E9620ECD29428C5300E69495 /* MovieXApp.swift in Sources */ = {isa = PBXBuildFile; fileRef = E9620ECC29428C5300E69495 /* MovieXApp.swift */; };
		E9620ECF29428C5300E69495 /* ContentView.swift in Sources */ = {isa = PBXBuildFile; fileRef = E9620ECE29428C5300E69495 /* ContentView.swift */; };
		E9620ED129428C5400E69495 /* Assets.xcassets in Resources */ = {isa = PBXBuildFile; fileRef = E9620ED029428C5400E69495 /* Assets.xcassets */; };
		E9620ED429428C5400E69495 /* Preview Assets.xcassets in Resources */ = {isa = PBXBuildFile; fileRef = E9620ED329428C5400E69495 /* Preview Assets.xcassets */; };
		E9700BDC29448396001AE2BD /* API_KEY.plist in Resources */ = {isa = PBXBuildFile; fileRef = E9700BDB29448396001AE2BD /* API_KEY.plist */; };
		E97258072961CA2800268AFB /* Launch Screen.storyboard in Resources */ = {isa = PBXBuildFile; fileRef = E97258062961CA2800268AFB /* Launch Screen.storyboard */; };
		E9E025DE2959CD17006EB16C /* not-found.json in Resources */ = {isa = PBXBuildFile; fileRef = E9E025DD2959CD17006EB16C /* not-found.json */; };
/* End PBXBuildFile section */

/* Begin PBXContainerItemProxy section */
		E9620EDA29428C5400E69495 /* PBXContainerItemProxy */ = {
			isa = PBXContainerItemProxy;
			containerPortal = E9620EC129428C5300E69495 /* Project object */;
			proxyType = 1;
			remoteGlobalIDString = E9620EC829428C5300E69495;
			remoteInfo = MovieX;
		};
		E9620EE429428C5500E69495 /* PBXContainerItemProxy */ = {
			isa = PBXContainerItemProxy;
			containerPortal = E9620EC129428C5300E69495 /* Project object */;
			proxyType = 1;
			remoteGlobalIDString = E9620EC829428C5300E69495;
			remoteInfo = MovieX;
		};
/* End PBXContainerItemProxy section */

/* Begin PBXCopyFilesBuildPhase section */
		E9202DE3296AB02300D8E0EB /* Embed Frameworks */ = {
			isa = PBXCopyFilesBuildPhase;
			buildActionMask = 2147483647;
			dstPath = "";
			dstSubfolderSpec = 10;
			files = (
				E9202F2D296ADE5F00D8E0EB /* About.framework in Embed Frameworks */,
				E9202E97296ABA3400D8E0EB /* MovieXUI.framework in Embed Frameworks */,
				E9202F30296ADEE700D8E0EB /* Search.framework in Embed Frameworks */,
				E9202F27296ADDFD00D8E0EB /* Favorite.framework in Embed Frameworks */,
				E9202DE2296AB02300D8E0EB /* Core.framework in Embed Frameworks */,
				E9202DE6296AB02700D8E0EB /* Home.framework in Embed Frameworks */,
				E9202E94296ABA2E00D8E0EB /* Detail.framework in Embed Frameworks */,
				E9202F2A296ADE1100D8E0EB /* Settings.framework in Embed Frameworks */,
			);
			name = "Embed Frameworks";
			runOnlyForDeploymentPostprocessing = 0;
		};
/* End PBXCopyFilesBuildPhase section */

/* Begin PBXFileReference section */
		0088BEE8D0D0557AA2709819 /* Pods-MovieX.debug.xcconfig */ = {isa = PBXFileReference; includeInIndex = 1; lastKnownFileType = text.xcconfig; name = "Pods-MovieX.debug.xcconfig"; path = "Target Support Files/Pods-MovieX/Pods-MovieX.debug.xcconfig"; sourceTree = "<group>"; };
		2247AE1B2371A41ABBE8BB12 /* Pods_MovieX.framework */ = {isa = PBXFileReference; explicitFileType = wrapper.framework; includeInIndex = 0; path = Pods_MovieX.framework; sourceTree = BUILT_PRODUCTS_DIR; };
		72944BAE4CB4386065FA3C1B /* Pods-MovieX.release.xcconfig */ = {isa = PBXFileReference; includeInIndex = 1; lastKnownFileType = text.xcconfig; name = "Pods-MovieX.release.xcconfig"; path = "Target Support Files/Pods-MovieX/Pods-MovieX.release.xcconfig"; sourceTree = "<group>"; };
		E9202DE0296AB02300D8E0EB /* Core.framework */ = {isa = PBXFileReference; explicitFileType = wrapper.framework; path = Core.framework; sourceTree = BUILT_PRODUCTS_DIR; };
		E9202DE4296AB02700D8E0EB /* Home.framework */ = {isa = PBXFileReference; explicitFileType = wrapper.framework; path = Home.framework; sourceTree = BUILT_PRODUCTS_DIR; };
		E9202E92296ABA2E00D8E0EB /* Detail.framework */ = {isa = PBXFileReference; explicitFileType = wrapper.framework; path = Detail.framework; sourceTree = BUILT_PRODUCTS_DIR; };
		E9202E95296ABA3400D8E0EB /* MovieXUI.framework */ = {isa = PBXFileReference; explicitFileType = wrapper.framework; path = MovieXUI.framework; sourceTree = BUILT_PRODUCTS_DIR; };
		E9202F25296ADDFD00D8E0EB /* Favorite.framework */ = {isa = PBXFileReference; explicitFileType = wrapper.framework; path = Favorite.framework; sourceTree = BUILT_PRODUCTS_DIR; };
		E9202F28296ADE1100D8E0EB /* Settings.framework */ = {isa = PBXFileReference; explicitFileType = wrapper.framework; path = Settings.framework; sourceTree = BUILT_PRODUCTS_DIR; };
		E9202F2B296ADE5F00D8E0EB /* About.framework */ = {isa = PBXFileReference; explicitFileType = wrapper.framework; path = About.framework; sourceTree = BUILT_PRODUCTS_DIR; };
		E9202F2E296ADEE700D8E0EB /* Search.framework */ = {isa = PBXFileReference; explicitFileType = wrapper.framework; path = Search.framework; sourceTree = BUILT_PRODUCTS_DIR; };
		E9620EC929428C5300E69495 /* MovieX.app */ = {isa = PBXFileReference; explicitFileType = wrapper.application; includeInIndex = 0; path = MovieX.app; sourceTree = BUILT_PRODUCTS_DIR; };
		E9620ECC29428C5300E69495 /* MovieXApp.swift */ = {isa = PBXFileReference; lastKnownFileType = sourcecode.swift; path = MovieXApp.swift; sourceTree = "<group>"; };
		E9620ECE29428C5300E69495 /* ContentView.swift */ = {isa = PBXFileReference; lastKnownFileType = sourcecode.swift; path = ContentView.swift; sourceTree = "<group>"; };
		E9620ED029428C5400E69495 /* Assets.xcassets */ = {isa = PBXFileReference; lastKnownFileType = folder.assetcatalog; path = Assets.xcassets; sourceTree = "<group>"; };
		E9620ED329428C5400E69495 /* Preview Assets.xcassets */ = {isa = PBXFileReference; lastKnownFileType = folder.assetcatalog; path = "Preview Assets.xcassets"; sourceTree = "<group>"; };
		E9620ED929428C5400E69495 /* MovieXTests.xctest */ = {isa = PBXFileReference; explicitFileType = wrapper.cfbundle; includeInIndex = 0; path = MovieXTests.xctest; sourceTree = BUILT_PRODUCTS_DIR; };
		E9620EE329428C5500E69495 /* MovieXUITests.xctest */ = {isa = PBXFileReference; explicitFileType = wrapper.cfbundle; includeInIndex = 0; path = MovieXUITests.xctest; sourceTree = BUILT_PRODUCTS_DIR; };
		E9700BDB29448396001AE2BD /* API_KEY.plist */ = {isa = PBXFileReference; lastKnownFileType = text.plist.xml; path = API_KEY.plist; sourceTree = "<group>"; };
		E97258062961CA2800268AFB /* Launch Screen.storyboard */ = {isa = PBXFileReference; lastKnownFileType = file.storyboard; path = "Launch Screen.storyboard"; sourceTree = "<group>"; };
		E9E025DD2959CD17006EB16C /* not-found.json */ = {isa = PBXFileReference; fileEncoding = 4; lastKnownFileType = text.json; path = "not-found.json"; sourceTree = "<group>"; };
/* End PBXFileReference section */

/* Begin PBXFrameworksBuildPhase section */
		E9620EC629428C5300E69495 /* Frameworks */ = {
			isa = PBXFrameworksBuildPhase;
			buildActionMask = 2147483647;
			files = (
				E9202F26296ADDFD00D8E0EB /* Favorite.framework in Frameworks */,
				E9202F29296ADE1100D8E0EB /* Settings.framework in Frameworks */,
				E9202E96296ABA3400D8E0EB /* MovieXUI.framework in Frameworks */,
				B9EC27A23907CE7A71B4F8E0 /* Pods_MovieX.framework in Frameworks */,
				E9202F2F296ADEE700D8E0EB /* Search.framework in Frameworks */,
				E9202DE1296AB02300D8E0EB /* Core.framework in Frameworks */,
				E9202DE5296AB02700D8E0EB /* Home.framework in Frameworks */,
				E9202F2C296ADE5F00D8E0EB /* About.framework in Frameworks */,
				E9202E93296ABA2E00D8E0EB /* Detail.framework in Frameworks */,
			);
			runOnlyForDeploymentPostprocessing = 0;
		};
		E9620ED629428C5400E69495 /* Frameworks */ = {
			isa = PBXFrameworksBuildPhase;
			buildActionMask = 2147483647;
			files = (
			);
			runOnlyForDeploymentPostprocessing = 0;
		};
		E9620EE029428C5500E69495 /* Frameworks */ = {
			isa = PBXFrameworksBuildPhase;
			buildActionMask = 2147483647;
			files = (
			);
			runOnlyForDeploymentPostprocessing = 0;
		};
/* End PBXFrameworksBuildPhase section */

/* Begin PBXGroup section */
		369836DC0581C7AFFDB35DE0 /* Pods */ = {
			isa = PBXGroup;
			children = (
				0088BEE8D0D0557AA2709819 /* Pods-MovieX.debug.xcconfig */,
				72944BAE4CB4386065FA3C1B /* Pods-MovieX.release.xcconfig */,
			);
			path = Pods;
			sourceTree = "<group>";
		};
		41D39C09E1958721012C7228 /* Frameworks */ = {
			isa = PBXGroup;
			children = (
				E9202F2E296ADEE700D8E0EB /* Search.framework */,
				E9202F2B296ADE5F00D8E0EB /* About.framework */,
				E9202F28296ADE1100D8E0EB /* Settings.framework */,
				E9202F25296ADDFD00D8E0EB /* Favorite.framework */,
				E9202E95296ABA3400D8E0EB /* MovieXUI.framework */,
				E9202E92296ABA2E00D8E0EB /* Detail.framework */,
				E9202DE4296AB02700D8E0EB /* Home.framework */,
				E9202DE0296AB02300D8E0EB /* Core.framework */,
				2247AE1B2371A41ABBE8BB12 /* Pods_MovieX.framework */,
			);
			name = Frameworks;
			sourceTree = "<group>";
		};
		E93CDB78294403D900A89F12 /* App */ = {
			isa = PBXGroup;
			children = (
				E97258052961CA1800268AFB /* Launch */,
				E9620ECC29428C5300E69495 /* MovieXApp.swift */,
				E9620ECE29428C5300E69495 /* ContentView.swift */,
			);
			path = App;
			sourceTree = "<group>";
		};
		E9620EC029428C5300E69495 = {
			isa = PBXGroup;
			children = (
				E9620ECB29428C5300E69495 /* MovieX */,
				E9620ECA29428C5300E69495 /* Products */,
				369836DC0581C7AFFDB35DE0 /* Pods */,
				41D39C09E1958721012C7228 /* Frameworks */,
			);
			sourceTree = "<group>";
		};
		E9620ECA29428C5300E69495 /* Products */ = {
			isa = PBXGroup;
			children = (
				E9620EC929428C5300E69495 /* MovieX.app */,
				E9620ED929428C5400E69495 /* MovieXTests.xctest */,
				E9620EE329428C5500E69495 /* MovieXUITests.xctest */,
			);
			name = Products;
			sourceTree = "<group>";
		};
		E9620ECB29428C5300E69495 /* MovieX */ = {
			isa = PBXGroup;
			children = (
				E93CDB78294403D900A89F12 /* App */,
				E9700BDA29448201001AE2BD /* Resources */,
			);
			path = MovieX;
			sourceTree = "<group>";
		};
		E9620ED229428C5400E69495 /* Preview Content */ = {
			isa = PBXGroup;
			children = (
				E9620ED329428C5400E69495 /* Preview Assets.xcassets */,
			);
			path = "Preview Content";
			sourceTree = "<group>";
		};
		E9700BDA29448201001AE2BD /* Resources */ = {
			isa = PBXGroup;
			children = (
				E9E025DC2959CB9A006EB16C /* Lottie */,
				E9620ED029428C5400E69495 /* Assets.xcassets */,
				E9700BDB29448396001AE2BD /* API_KEY.plist */,
				E9620ED229428C5400E69495 /* Preview Content */,
			);
			path = Resources;
			sourceTree = "<group>";
		};
		E97258052961CA1800268AFB /* Launch */ = {
			isa = PBXGroup;
			children = (
				E97258062961CA2800268AFB /* Launch Screen.storyboard */,
			);
			path = Launch;
			sourceTree = "<group>";
		};
		E9E025DC2959CB9A006EB16C /* Lottie */ = {
			isa = PBXGroup;
			children = (
				E9E025DD2959CD17006EB16C /* not-found.json */,
			);
			path = Lottie;
			sourceTree = "<group>";
		};
/* End PBXGroup section */

/* Begin PBXNativeTarget section */
		E9620EC829428C5300E69495 /* MovieX */ = {
			isa = PBXNativeTarget;
			buildConfigurationList = E9620EED29428C5500E69495 /* Build configuration list for PBXNativeTarget "MovieX" */;
			buildPhases = (
				FDB87EC8BFBBC0E7FFD0180C /* [CP] Check Pods Manifest.lock */,
				E9620EC529428C5300E69495 /* Sources */,
				E9620EC629428C5300E69495 /* Frameworks */,
				E9620EC729428C5300E69495 /* Resources */,
				593ABAAF111AC49C4F5764E1 /* [CP] Embed Pods Frameworks */,
				E97258042961BA0800268AFB /* Run SwiftLint */,
				E9202DE3296AB02300D8E0EB /* Embed Frameworks */,
			);
			buildRules = (
			);
			dependencies = (
			);
			name = MovieX;
			productName = MovieX;
			productReference = E9620EC929428C5300E69495 /* MovieX.app */;
			productType = "com.apple.product-type.application";
		};
		E9620ED829428C5400E69495 /* MovieXTests */ = {
			isa = PBXNativeTarget;
			buildConfigurationList = E9620EF029428C5500E69495 /* Build configuration list for PBXNativeTarget "MovieXTests" */;
			buildPhases = (
				E9620ED529428C5400E69495 /* Sources */,
				E9620ED629428C5400E69495 /* Frameworks */,
				E9620ED729428C5400E69495 /* Resources */,
			);
			buildRules = (
			);
			dependencies = (
				E9620EDB29428C5400E69495 /* PBXTargetDependency */,
			);
			name = MovieXTests;
			productName = MovieXTests;
			productReference = E9620ED929428C5400E69495 /* MovieXTests.xctest */;
			productType = "com.apple.product-type.bundle.unit-test";
		};
		E9620EE229428C5500E69495 /* MovieXUITests */ = {
			isa = PBXNativeTarget;
			buildConfigurationList = E9620EF329428C5500E69495 /* Build configuration list for PBXNativeTarget "MovieXUITests" */;
			buildPhases = (
				E9620EDF29428C5500E69495 /* Sources */,
				E9620EE029428C5500E69495 /* Frameworks */,
				E9620EE129428C5500E69495 /* Resources */,
			);
			buildRules = (
			);
			dependencies = (
				E9620EE529428C5500E69495 /* PBXTargetDependency */,
			);
			name = MovieXUITests;
			productName = MovieXUITests;
			productReference = E9620EE329428C5500E69495 /* MovieXUITests.xctest */;
			productType = "com.apple.product-type.bundle.ui-testing";
		};
/* End PBXNativeTarget section */

/* Begin PBXProject section */
		E9620EC129428C5300E69495 /* Project object */ = {
			isa = PBXProject;
			attributes = {
				BuildIndependentTargetsInParallel = 1;
				LastSwiftUpdateCheck = 1410;
				LastUpgradeCheck = 1410;
				TargetAttributes = {
					E9620EC829428C5300E69495 = {
						CreatedOnToolsVersion = 14.1;
					};
					E9620ED829428C5400E69495 = {
						CreatedOnToolsVersion = 14.1;
						TestTargetID = E9620EC829428C5300E69495;
					};
					E9620EE229428C5500E69495 = {
						CreatedOnToolsVersion = 14.1;
						TestTargetID = E9620EC829428C5300E69495;
					};
				};
			};
			buildConfigurationList = E9620EC429428C5300E69495 /* Build configuration list for PBXProject "MovieX" */;
			compatibilityVersion = "Xcode 13.0";
			developmentRegion = en;
			hasScannedForEncodings = 0;
			knownRegions = (
				en,
				Base,
			);
			mainGroup = E9620EC029428C5300E69495;
			productRefGroup = E9620ECA29428C5300E69495 /* Products */;
			projectDirPath = "";
			projectRoot = "";
			targets = (
				E9620EC829428C5300E69495 /* MovieX */,
				E9620ED829428C5400E69495 /* MovieXTests */,
				E9620EE229428C5500E69495 /* MovieXUITests */,
			);
		};
/* End PBXProject section */

/* Begin PBXResourcesBuildPhase section */
		E9620EC729428C5300E69495 /* Resources */ = {
			isa = PBXResourcesBuildPhase;
			buildActionMask = 2147483647;
			files = (
				E9E025DE2959CD17006EB16C /* not-found.json in Resources */,
				E9700BDC29448396001AE2BD /* API_KEY.plist in Resources */,
				E9620ED429428C5400E69495 /* Preview Assets.xcassets in Resources */,
				E97258072961CA2800268AFB /* Launch Screen.storyboard in Resources */,
				E9620ED129428C5400E69495 /* Assets.xcassets in Resources */,
			);
			runOnlyForDeploymentPostprocessing = 0;
		};
		E9620ED729428C5400E69495 /* Resources */ = {
			isa = PBXResourcesBuildPhase;
			buildActionMask = 2147483647;
			files = (
			);
			runOnlyForDeploymentPostprocessing = 0;
		};
		E9620EE129428C5500E69495 /* Resources */ = {
			isa = PBXResourcesBuildPhase;
			buildActionMask = 2147483647;
			files = (
			);
			runOnlyForDeploymentPostprocessing = 0;
		};
/* End PBXResourcesBuildPhase section */

/* Begin PBXShellScriptBuildPhase section */
		593ABAAF111AC49C4F5764E1 /* [CP] Embed Pods Frameworks */ = {
			isa = PBXShellScriptBuildPhase;
			buildActionMask = 2147483647;
			files = (
			);
			inputFileListPaths = (
				"${PODS_ROOT}/Target Support Files/Pods-MovieX/Pods-MovieX-frameworks-${CONFIGURATION}-input-files.xcfilelist",
			);
			name = "[CP] Embed Pods Frameworks";
			outputFileListPaths = (
				"${PODS_ROOT}/Target Support Files/Pods-MovieX/Pods-MovieX-frameworks-${CONFIGURATION}-output-files.xcfilelist",
			);
			runOnlyForDeploymentPostprocessing = 0;
			shellPath = /bin/sh;
			shellScript = "\"${PODS_ROOT}/Target Support Files/Pods-MovieX/Pods-MovieX-frameworks.sh\"\n";
			showEnvVarsInLog = 0;
		};
		E97258042961BA0800268AFB /* Run SwiftLint */ = {
			isa = PBXShellScriptBuildPhase;
			buildActionMask = 2147483647;
			files = (
			);
			inputFileListPaths = (
			);
			inputPaths = (
			);
			name = "Run SwiftLint";
			outputFileListPaths = (
			);
			outputPaths = (
			);
			runOnlyForDeploymentPostprocessing = 0;
			shellPath = /bin/sh;
			shellScript = "# Type a script or drag a script file from your workspace to insert its path.\nexport PATH=\"$PATH:/opt/homebrew/bin\"\nif which swiftlint > /dev/null; then\n  swiftlint\nelse\n  echo \"warning: SwiftLint not installed, download from https://github.com/realm/SwiftLint\"\nfi\n";
		};
		FDB87EC8BFBBC0E7FFD0180C /* [CP] Check Pods Manifest.lock */ = {
			isa = PBXShellScriptBuildPhase;
			buildActionMask = 2147483647;
			files = (
			);
			inputFileListPaths = (
			);
			inputPaths = (
				"${PODS_PODFILE_DIR_PATH}/Podfile.lock",
				"${PODS_ROOT}/Manifest.lock",
			);
			name = "[CP] Check Pods Manifest.lock";
			outputFileListPaths = (
			);
			outputPaths = (
				"$(DERIVED_FILE_DIR)/Pods-MovieX-checkManifestLockResult.txt",
			);
			runOnlyForDeploymentPostprocessing = 0;
			shellPath = /bin/sh;
			shellScript = "diff \"${PODS_PODFILE_DIR_PATH}/Podfile.lock\" \"${PODS_ROOT}/Manifest.lock\" > /dev/null\nif [ $? != 0 ] ; then\n    # print error to STDERR\n    echo \"error: The sandbox is not in sync with the Podfile.lock. Run 'pod install' or update your CocoaPods installation.\" >&2\n    exit 1\nfi\n# This output is used by Xcode 'outputs' to avoid re-running this script phase.\necho \"SUCCESS\" > \"${SCRIPT_OUTPUT_FILE_0}\"\n";
			showEnvVarsInLog = 0;
		};
/* End PBXShellScriptBuildPhase section */

/* Begin PBXSourcesBuildPhase section */
		E9620EC529428C5300E69495 /* Sources */ = {
			isa = PBXSourcesBuildPhase;
			buildActionMask = 2147483647;
			files = (
				E9620ECF29428C5300E69495 /* ContentView.swift in Sources */,
				E9620ECD29428C5300E69495 /* MovieXApp.swift in Sources */,
			);
			runOnlyForDeploymentPostprocessing = 0;
		};
		E9620ED529428C5400E69495 /* Sources */ = {
			isa = PBXSourcesBuildPhase;
			buildActionMask = 2147483647;
			files = (
			);
			runOnlyForDeploymentPostprocessing = 0;
		};
		E9620EDF29428C5500E69495 /* Sources */ = {
			isa = PBXSourcesBuildPhase;
			buildActionMask = 2147483647;
			files = (
			);
			runOnlyForDeploymentPostprocessing = 0;
		};
/* End PBXSourcesBuildPhase section */

/* Begin PBXTargetDependency section */
		E9620EDB29428C5400E69495 /* PBXTargetDependency */ = {
			isa = PBXTargetDependency;
			target = E9620EC829428C5300E69495 /* MovieX */;
			targetProxy = E9620EDA29428C5400E69495 /* PBXContainerItemProxy */;
		};
		E9620EE529428C5500E69495 /* PBXTargetDependency */ = {
			isa = PBXTargetDependency;
			target = E9620EC829428C5300E69495 /* MovieX */;
			targetProxy = E9620EE429428C5500E69495 /* PBXContainerItemProxy */;
		};
/* End PBXTargetDependency section */

/* Begin XCBuildConfiguration section */
		E9620EEB29428C5500E69495 /* Debug */ = {
			isa = XCBuildConfiguration;
			buildSettings = {
				ALWAYS_SEARCH_USER_PATHS = NO;
				CLANG_ANALYZER_NONNULL = YES;
				CLANG_ANALYZER_NUMBER_OBJECT_CONVERSION = YES_AGGRESSIVE;
				CLANG_CXX_LANGUAGE_STANDARD = "gnu++20";
				CLANG_ENABLE_MODULES = YES;
				CLANG_ENABLE_OBJC_ARC = YES;
				CLANG_ENABLE_OBJC_WEAK = YES;
				CLANG_WARN_BLOCK_CAPTURE_AUTORELEASING = YES;
				CLANG_WARN_BOOL_CONVERSION = YES;
				CLANG_WARN_COMMA = YES;
				CLANG_WARN_CONSTANT_CONVERSION = YES;
				CLANG_WARN_DEPRECATED_OBJC_IMPLEMENTATIONS = YES;
				CLANG_WARN_DIRECT_OBJC_ISA_USAGE = YES_ERROR;
				CLANG_WARN_DOCUMENTATION_COMMENTS = YES;
				CLANG_WARN_EMPTY_BODY = YES;
				CLANG_WARN_ENUM_CONVERSION = YES;
				CLANG_WARN_INFINITE_RECURSION = YES;
				CLANG_WARN_INT_CONVERSION = YES;
				CLANG_WARN_NON_LITERAL_NULL_CONVERSION = YES;
				CLANG_WARN_OBJC_IMPLICIT_RETAIN_SELF = YES;
				CLANG_WARN_OBJC_LITERAL_CONVERSION = YES;
				CLANG_WARN_OBJC_ROOT_CLASS = YES_ERROR;
				CLANG_WARN_QUOTED_INCLUDE_IN_FRAMEWORK_HEADER = YES;
				CLANG_WARN_RANGE_LOOP_ANALYSIS = YES;
				CLANG_WARN_STRICT_PROTOTYPES = YES;
				CLANG_WARN_SUSPICIOUS_MOVE = YES;
				CLANG_WARN_UNGUARDED_AVAILABILITY = YES_AGGRESSIVE;
				CLANG_WARN_UNREACHABLE_CODE = YES;
				CLANG_WARN__DUPLICATE_METHOD_MATCH = YES;
				COPY_PHASE_STRIP = NO;
				DEBUG_INFORMATION_FORMAT = dwarf;
				ENABLE_STRICT_OBJC_MSGSEND = YES;
				ENABLE_TESTABILITY = YES;
				GCC_C_LANGUAGE_STANDARD = gnu11;
				GCC_DYNAMIC_NO_PIC = NO;
				GCC_NO_COMMON_BLOCKS = YES;
				GCC_OPTIMIZATION_LEVEL = 0;
				GCC_PREPROCESSOR_DEFINITIONS = (
					"DEBUG=1",
					"$(inherited)",
				);
				GCC_WARN_64_TO_32_BIT_CONVERSION = YES;
				GCC_WARN_ABOUT_RETURN_TYPE = YES_ERROR;
				GCC_WARN_UNDECLARED_SELECTOR = YES;
				GCC_WARN_UNINITIALIZED_AUTOS = YES_AGGRESSIVE;
				GCC_WARN_UNUSED_FUNCTION = YES;
				GCC_WARN_UNUSED_VARIABLE = YES;
				IPHONEOS_DEPLOYMENT_TARGET = 16.1;
				MTL_ENABLE_DEBUG_INFO = INCLUDE_SOURCE;
				MTL_FAST_MATH = YES;
				ONLY_ACTIVE_ARCH = YES;
				SDKROOT = iphoneos;
				SWIFT_ACTIVE_COMPILATION_CONDITIONS = DEBUG;
				SWIFT_OPTIMIZATION_LEVEL = "-Onone";
			};
			name = Debug;
		};
		E9620EEC29428C5500E69495 /* Release */ = {
			isa = XCBuildConfiguration;
			buildSettings = {
				ALWAYS_SEARCH_USER_PATHS = NO;
				CLANG_ANALYZER_NONNULL = YES;
				CLANG_ANALYZER_NUMBER_OBJECT_CONVERSION = YES_AGGRESSIVE;
				CLANG_CXX_LANGUAGE_STANDARD = "gnu++20";
				CLANG_ENABLE_MODULES = YES;
				CLANG_ENABLE_OBJC_ARC = YES;
				CLANG_ENABLE_OBJC_WEAK = YES;
				CLANG_WARN_BLOCK_CAPTURE_AUTORELEASING = YES;
				CLANG_WARN_BOOL_CONVERSION = YES;
				CLANG_WARN_COMMA = YES;
				CLANG_WARN_CONSTANT_CONVERSION = YES;
				CLANG_WARN_DEPRECATED_OBJC_IMPLEMENTATIONS = YES;
				CLANG_WARN_DIRECT_OBJC_ISA_USAGE = YES_ERROR;
				CLANG_WARN_DOCUMENTATION_COMMENTS = YES;
				CLANG_WARN_EMPTY_BODY = YES;
				CLANG_WARN_ENUM_CONVERSION = YES;
				CLANG_WARN_INFINITE_RECURSION = YES;
				CLANG_WARN_INT_CONVERSION = YES;
				CLANG_WARN_NON_LITERAL_NULL_CONVERSION = YES;
				CLANG_WARN_OBJC_IMPLICIT_RETAIN_SELF = YES;
				CLANG_WARN_OBJC_LITERAL_CONVERSION = YES;
				CLANG_WARN_OBJC_ROOT_CLASS = YES_ERROR;
				CLANG_WARN_QUOTED_INCLUDE_IN_FRAMEWORK_HEADER = YES;
				CLANG_WARN_RANGE_LOOP_ANALYSIS = YES;
				CLANG_WARN_STRICT_PROTOTYPES = YES;
				CLANG_WARN_SUSPICIOUS_MOVE = YES;
				CLANG_WARN_UNGUARDED_AVAILABILITY = YES_AGGRESSIVE;
				CLANG_WARN_UNREACHABLE_CODE = YES;
				CLANG_WARN__DUPLICATE_METHOD_MATCH = YES;
				COPY_PHASE_STRIP = NO;
				DEBUG_INFORMATION_FORMAT = "dwarf-with-dsym";
				ENABLE_NS_ASSERTIONS = NO;
				ENABLE_STRICT_OBJC_MSGSEND = YES;
				GCC_C_LANGUAGE_STANDARD = gnu11;
				GCC_NO_COMMON_BLOCKS = YES;
				GCC_WARN_64_TO_32_BIT_CONVERSION = YES;
				GCC_WARN_ABOUT_RETURN_TYPE = YES_ERROR;
				GCC_WARN_UNDECLARED_SELECTOR = YES;
				GCC_WARN_UNINITIALIZED_AUTOS = YES_AGGRESSIVE;
				GCC_WARN_UNUSED_FUNCTION = YES;
				GCC_WARN_UNUSED_VARIABLE = YES;
				IPHONEOS_DEPLOYMENT_TARGET = 16.1;
				MTL_ENABLE_DEBUG_INFO = NO;
				MTL_FAST_MATH = YES;
				SDKROOT = iphoneos;
				SWIFT_COMPILATION_MODE = wholemodule;
				SWIFT_OPTIMIZATION_LEVEL = "-O";
				VALIDATE_PRODUCT = YES;
			};
			name = Release;
		};
		E9620EEE29428C5500E69495 /* Debug */ = {
			isa = XCBuildConfiguration;
			baseConfigurationReference = 0088BEE8D0D0557AA2709819 /* Pods-MovieX.debug.xcconfig */;
			buildSettings = {
				ASSETCATALOG_COMPILER_APPICON_NAME = AppIcon;
				ASSETCATALOG_COMPILER_GLOBAL_ACCENT_COLOR_NAME = AccentColor;
				CODE_SIGN_STYLE = Automatic;
				CURRENT_PROJECT_VERSION = 1;
				DEVELOPMENT_ASSET_PATHS = "\"MovieX/Resources/Preview Content\"";
				DEVELOPMENT_TEAM = Q6JT9SDQN5;
				ENABLE_PREVIEWS = YES;
				GENERATE_INFOPLIST_FILE = YES;
				INFOPLIST_KEY_UIApplicationSceneManifest_Generation = YES;
				INFOPLIST_KEY_UIApplicationSupportsIndirectInputEvents = YES;
				INFOPLIST_KEY_UILaunchScreen_Generation = YES;
				INFOPLIST_KEY_UILaunchStoryboardName = "Launch Screen.storyboard";
				INFOPLIST_KEY_UISupportedInterfaceOrientations_iPad = "UIInterfaceOrientationPortrait UIInterfaceOrientationPortraitUpsideDown UIInterfaceOrientationLandscapeLeft UIInterfaceOrientationLandscapeRight";
				INFOPLIST_KEY_UISupportedInterfaceOrientations_iPhone = "UIInterfaceOrientationPortrait UIInterfaceOrientationLandscapeLeft UIInterfaceOrientationLandscapeRight";
				LD_RUNPATH_SEARCH_PATHS = (
					"$(inherited)",
					"@executable_path/Frameworks",
				);
				MARKETING_VERSION = 1.0;
				PRODUCT_BUNDLE_IDENTIFIER = com.dimas.MovieX;
				PRODUCT_NAME = "$(TARGET_NAME)";
				SWIFT_EMIT_LOC_STRINGS = YES;
				SWIFT_VERSION = 5.0;
				TARGETED_DEVICE_FAMILY = "1,2";
			};
			name = Debug;
		};
		E9620EEF29428C5500E69495 /* Release */ = {
			isa = XCBuildConfiguration;
			baseConfigurationReference = 72944BAE4CB4386065FA3C1B /* Pods-MovieX.release.xcconfig */;
			buildSettings = {
				ASSETCATALOG_COMPILER_APPICON_NAME = AppIcon;
				ASSETCATALOG_COMPILER_GLOBAL_ACCENT_COLOR_NAME = AccentColor;
				CODE_SIGN_STYLE = Automatic;
				CURRENT_PROJECT_VERSION = 1;
				DEVELOPMENT_ASSET_PATHS = "\"MovieX/Resources/Preview Content\"";
				DEVELOPMENT_TEAM = Q6JT9SDQN5;
				ENABLE_PREVIEWS = YES;
				GENERATE_INFOPLIST_FILE = YES;
				INFOPLIST_KEY_UIApplicationSceneManifest_Generation = YES;
				INFOPLIST_KEY_UIApplicationSupportsIndirectInputEvents = YES;
				INFOPLIST_KEY_UILaunchScreen_Generation = YES;
				INFOPLIST_KEY_UILaunchStoryboardName = "Launch Screen.storyboard";
				INFOPLIST_KEY_UISupportedInterfaceOrientations_iPad = "UIInterfaceOrientationPortrait UIInterfaceOrientationPortraitUpsideDown UIInterfaceOrientationLandscapeLeft UIInterfaceOrientationLandscapeRight";
				INFOPLIST_KEY_UISupportedInterfaceOrientations_iPhone = "UIInterfaceOrientationPortrait UIInterfaceOrientationLandscapeLeft UIInterfaceOrientationLandscapeRight";
				LD_RUNPATH_SEARCH_PATHS = (
					"$(inherited)",
					"@executable_path/Frameworks",
				);
				MARKETING_VERSION = 1.0;
				PRODUCT_BUNDLE_IDENTIFIER = com.dimas.MovieX;
				PRODUCT_NAME = "$(TARGET_NAME)";
				SWIFT_EMIT_LOC_STRINGS = YES;
				SWIFT_VERSION = 5.0;
				TARGETED_DEVICE_FAMILY = "1,2";
			};
			name = Release;
		};
		E9620EF129428C5500E69495 /* Debug */ = {
			isa = XCBuildConfiguration;
			buildSettings = {
				ALWAYS_EMBED_SWIFT_STANDARD_LIBRARIES = YES;
				BUNDLE_LOADER = "$(TEST_HOST)";
				CODE_SIGN_STYLE = Automatic;
				CURRENT_PROJECT_VERSION = 1;
				DEVELOPMENT_TEAM = Q6JT9SDQN5;
				GENERATE_INFOPLIST_FILE = YES;
				IPHONEOS_DEPLOYMENT_TARGET = 16.1;
				MARKETING_VERSION = 1.0;
				PRODUCT_BUNDLE_IDENTIFIER = com.dimas.MovieXTests;
				PRODUCT_NAME = "$(TARGET_NAME)";
				SWIFT_EMIT_LOC_STRINGS = NO;
				SWIFT_VERSION = 5.0;
				TARGETED_DEVICE_FAMILY = "1,2";
				TEST_HOST = "$(BUILT_PRODUCTS_DIR)/MovieX.app/$(BUNDLE_EXECUTABLE_FOLDER_PATH)/MovieX";
			};
			name = Debug;
		};
		E9620EF229428C5500E69495 /* Release */ = {
			isa = XCBuildConfiguration;
			buildSettings = {
				ALWAYS_EMBED_SWIFT_STANDARD_LIBRARIES = YES;
				BUNDLE_LOADER = "$(TEST_HOST)";
				CODE_SIGN_STYLE = Automatic;
				CURRENT_PROJECT_VERSION = 1;
				DEVELOPMENT_TEAM = Q6JT9SDQN5;
				GENERATE_INFOPLIST_FILE = YES;
				IPHONEOS_DEPLOYMENT_TARGET = 16.1;
				MARKETING_VERSION = 1.0;
				PRODUCT_BUNDLE_IDENTIFIER = com.dimas.MovieXTests;
				PRODUCT_NAME = "$(TARGET_NAME)";
				SWIFT_EMIT_LOC_STRINGS = NO;
				SWIFT_VERSION = 5.0;
				TARGETED_DEVICE_FAMILY = "1,2";
				TEST_HOST = "$(BUILT_PRODUCTS_DIR)/MovieX.app/$(BUNDLE_EXECUTABLE_FOLDER_PATH)/MovieX";
			};
			name = Release;
		};
		E9620EF429428C5500E69495 /* Debug */ = {
			isa = XCBuildConfiguration;
			buildSettings = {
				ALWAYS_EMBED_SWIFT_STANDARD_LIBRARIES = YES;
				CODE_SIGN_STYLE = Automatic;
				CURRENT_PROJECT_VERSION = 1;
				DEVELOPMENT_TEAM = Q6JT9SDQN5;
				GENERATE_INFOPLIST_FILE = YES;
				MARKETING_VERSION = 1.0;
				PRODUCT_BUNDLE_IDENTIFIER = com.dimas.MovieXUITests;
				PRODUCT_NAME = "$(TARGET_NAME)";
				SWIFT_EMIT_LOC_STRINGS = NO;
				SWIFT_VERSION = 5.0;
				TARGETED_DEVICE_FAMILY = "1,2";
				TEST_TARGET_NAME = MovieX;
			};
			name = Debug;
		};
		E9620EF529428C5500E69495 /* Release */ = {
			isa = XCBuildConfiguration;
			buildSettings = {
				ALWAYS_EMBED_SWIFT_STANDARD_LIBRARIES = YES;
				CODE_SIGN_STYLE = Automatic;
				CURRENT_PROJECT_VERSION = 1;
				DEVELOPMENT_TEAM = Q6JT9SDQN5;
				GENERATE_INFOPLIST_FILE = YES;
				MARKETING_VERSION = 1.0;
				PRODUCT_BUNDLE_IDENTIFIER = com.dimas.MovieXUITests;
				PRODUCT_NAME = "$(TARGET_NAME)";
				SWIFT_EMIT_LOC_STRINGS = NO;
				SWIFT_VERSION = 5.0;
				TARGETED_DEVICE_FAMILY = "1,2";
				TEST_TARGET_NAME = MovieX;
			};
			name = Release;
		};
/* End XCBuildConfiguration section */

/* Begin XCConfigurationList section */
		E9620EC429428C5300E69495 /* Build configuration list for PBXProject "MovieX" */ = {
			isa = XCConfigurationList;
			buildConfigurations = (
				E9620EEB29428C5500E69495 /* Debug */,
				E9620EEC29428C5500E69495 /* Release */,
			);
			defaultConfigurationIsVisible = 0;
			defaultConfigurationName = Release;
		};
		E9620EED29428C5500E69495 /* Build configuration list for PBXNativeTarget "MovieX" */ = {
			isa = XCConfigurationList;
			buildConfigurations = (
				E9620EEE29428C5500E69495 /* Debug */,
				E9620EEF29428C5500E69495 /* Release */,
			);
			defaultConfigurationIsVisible = 0;
			defaultConfigurationName = Release;
		};
		E9620EF029428C5500E69495 /* Build configuration list for PBXNativeTarget "MovieXTests" */ = {
			isa = XCConfigurationList;
			buildConfigurations = (
				E9620EF129428C5500E69495 /* Debug */,
				E9620EF229428C5500E69495 /* Release */,
			);
			defaultConfigurationIsVisible = 0;
			defaultConfigurationName = Release;
		};
		E9620EF329428C5500E69495 /* Build configuration list for PBXNativeTarget "MovieXUITests" */ = {
			isa = XCConfigurationList;
			buildConfigurations = (
				E9620EF429428C5500E69495 /* Debug */,
				E9620EF529428C5500E69495 /* Release */,
			);
			defaultConfigurationIsVisible = 0;
			defaultConfigurationName = Release;
		};
/* End XCConfigurationList section */
	};
	rootObject = E9620EC129428C5300E69495 /* Project object */;
}
