// !$*UTF8*$!
{
	archiveVersion = 1;
	classes = {
	};
	objectVersion = 56;
	objects = {

/* Begin PBXBuildFile section */
		AD39E8CBF38E91EC6E1AB7C7 /* Pods_Core.framework in Frameworks */ = {isa = PBXBuildFile; fileRef = 5725D68F7BA876C76ED90F6E /* Pods_Core.framework */; };
		E9090A17296AA70F005CD081 /* Core.docc in Sources */ = {isa = PBXBuildFile; fileRef = E9090A16296AA70F005CD081 /* Core.docc */; };
		E9090A18296AA70F005CD081 /* Core.h in Headers */ = {isa = PBXBuildFile; fileRef = E9090A15296AA70F005CD081 /* Core.h */; settings = {ATTRIBUTES = (Public, ); }; };
		E9202E29296AB1A400D8E0EB /* ConstantsAPI.swift in Sources */ = {isa = PBXBuildFile; fileRef = E9202DEC296AB1A400D8E0EB /* ConstantsAPI.swift */; };
		E9202E2B296AB1A400D8E0EB /* APICall.swift in Sources */ = {isa = PBXBuildFile; fileRef = E9202DF0296AB1A400D8E0EB /* APICall.swift */; };
		E9202E2C296AB1A400D8E0EB /* Enums.swift in Sources */ = {isa = PBXBuildFile; fileRef = E9202DF2296AB1A400D8E0EB /* Enums.swift */; };
		E9202E2D296AB1A400D8E0EB /* GenreMapper.swift in Sources */ = {isa = PBXBuildFile; fileRef = E9202DF4296AB1A400D8E0EB /* GenreMapper.swift */; };
		E9202E2E296AB1A400D8E0EB /* MovieMapper.swift in Sources */ = {isa = PBXBuildFile; fileRef = E9202DF5296AB1A400D8E0EB /* MovieMapper.swift */; };
		E9202E2F296AB1A400D8E0EB /* SimilarMovieMapper.swift in Sources */ = {isa = PBXBuildFile; fileRef = E9202DF6296AB1A400D8E0EB /* SimilarMovieMapper.swift */; };
		E9202E30296AB1A400D8E0EB /* DetailMovieMapper.swift in Sources */ = {isa = PBXBuildFile; fileRef = E9202DF7296AB1A400D8E0EB /* DetailMovieMapper.swift */; };
		E9202E31296AB1A400D8E0EB /* SearchMapper.swift in Sources */ = {isa = PBXBuildFile; fileRef = E9202DF8296AB1A400D8E0EB /* SearchMapper.swift */; };
		E9202E32296AB1A400D8E0EB /* NowPlayingMapper.swift in Sources */ = {isa = PBXBuildFile; fileRef = E9202DF9296AB1A400D8E0EB /* NowPlayingMapper.swift */; };
		E9202E33296AB1A400D8E0EB /* Double+Ext.swift in Sources */ = {isa = PBXBuildFile; fileRef = E9202DFB296AB1A400D8E0EB /* Double+Ext.swift */; };
		E9202E34296AB1A400D8E0EB /* Results+Ext.swift in Sources */ = {isa = PBXBuildFile; fileRef = E9202DFC296AB1A400D8E0EB /* Results+Ext.swift */; };
		E9202E35296AB1A400D8E0EB /* DatabaseError+Ext.swift in Sources */ = {isa = PBXBuildFile; fileRef = E9202DFD296AB1A400D8E0EB /* DatabaseError+Ext.swift */; };
		E9202E36296AB1A400D8E0EB /* List+Ext.swift in Sources */ = {isa = PBXBuildFile; fileRef = E9202DFE296AB1A400D8E0EB /* List+Ext.swift */; };
		E9202E37296AB1A400D8E0EB /* Int+Ext.swift in Sources */ = {isa = PBXBuildFile; fileRef = E9202DFF296AB1A400D8E0EB /* Int+Ext.swift */; };
		E9202E38296AB1A400D8E0EB /* URLError+Ext.swift in Sources */ = {isa = PBXBuildFile; fileRef = E9202E00296AB1A400D8E0EB /* URLError+Ext.swift */; };
		E9202E3A296AB1A400D8E0EB /* Helper.swift in Sources */ = {isa = PBXBuildFile; fileRef = E9202E04296AB1A400D8E0EB /* Helper.swift */; };
		E9202E3B296AB1A400D8E0EB /* MovieRepositoryProtocol.swift in Sources */ = {isa = PBXBuildFile; fileRef = E9202E07296AB1A400D8E0EB /* MovieRepositoryProtocol.swift */; };
		E9202E3C296AB1A400D8E0EB /* MovieEntity.swift in Sources */ = {isa = PBXBuildFile; fileRef = E9202E0A296AB1A400D8E0EB /* MovieEntity.swift */; };
		E9202E3D296AB1A400D8E0EB /* LocalProtocol.swift in Sources */ = {isa = PBXBuildFile; fileRef = E9202E0C296AB1A400D8E0EB /* LocalProtocol.swift */; };
		E9202E3E296AB1A400D8E0EB /* LocalDataSource.swift in Sources */ = {isa = PBXBuildFile; fileRef = E9202E0D296AB1A400D8E0EB /* LocalDataSource.swift */; };
		E9202E3F296AB1A400D8E0EB /* MovieRepository.swift in Sources */ = {isa = PBXBuildFile; fileRef = E9202E0E296AB1A400D8E0EB /* MovieRepository.swift */; };
		E9202E40296AB1A400D8E0EB /* SimilarMovieResponse.swift in Sources */ = {isa = PBXBuildFile; fileRef = E9202E11296AB1A400D8E0EB /* SimilarMovieResponse.swift */; };
		E9202E41296AB1A400D8E0EB /* MovieResponse.swift in Sources */ = {isa = PBXBuildFile; fileRef = E9202E12296AB1A400D8E0EB /* MovieResponse.swift */; };
		E9202E42296AB1A400D8E0EB /* NowPlayingResponse.swift in Sources */ = {isa = PBXBuildFile; fileRef = E9202E13296AB1A400D8E0EB /* NowPlayingResponse.swift */; };
		E9202E43296AB1A400D8E0EB /* MovieDetailResponse.swift in Sources */ = {isa = PBXBuildFile; fileRef = E9202E14296AB1A400D8E0EB /* MovieDetailResponse.swift */; };
		E9202E44296AB1A400D8E0EB /* GenresResponse.swift in Sources */ = {isa = PBXBuildFile; fileRef = E9202E15296AB1A400D8E0EB /* GenresResponse.swift */; };
		E9202E45296AB1A500D8E0EB /* RemoteDataSource.swift in Sources */ = {isa = PBXBuildFile; fileRef = E9202E16296AB1A400D8E0EB /* RemoteDataSource.swift */; };
		E9202E46296AB1A500D8E0EB /* RemoteProtocol.swift in Sources */ = {isa = PBXBuildFile; fileRef = E9202E18296AB1A400D8E0EB /* RemoteProtocol.swift */; };
		E9202E47296AB1A500D8E0EB /* UseCaseProtocol.swift in Sources */ = {isa = PBXBuildFile; fileRef = E9202E1B296AB1A400D8E0EB /* UseCaseProtocol.swift */; };
		E9202E48296AB1A500D8E0EB /* NowPlayingModel.swift in Sources */ = {isa = PBXBuildFile; fileRef = E9202E1D296AB1A400D8E0EB /* NowPlayingModel.swift */; };
		E9202E49296AB1A500D8E0EB /* MovieModel.swift in Sources */ = {isa = PBXBuildFile; fileRef = E9202E1E296AB1A400D8E0EB /* MovieModel.swift */; };
		E9202E4A296AB1A500D8E0EB /* DetailMovieModel.swift in Sources */ = {isa = PBXBuildFile; fileRef = E9202E1F296AB1A400D8E0EB /* DetailMovieModel.swift */; };
		E9202E4B296AB1A500D8E0EB /* SimilarMovieModel.swift in Sources */ = {isa = PBXBuildFile; fileRef = E9202E20296AB1A400D8E0EB /* SimilarMovieModel.swift */; };
		E9202E4C296AB1A500D8E0EB /* GenreModel.swift in Sources */ = {isa = PBXBuildFile; fileRef = E9202E21296AB1A400D8E0EB /* GenreModel.swift */; };
		E9202E4D296AB1A500D8E0EB /* HomeInteractor.swift in Sources */ = {isa = PBXBuildFile; fileRef = E9202E23296AB1A400D8E0EB /* HomeInteractor.swift */; };
		E9202E4E296AB1A500D8E0EB /* SearchInteractor.swift in Sources */ = {isa = PBXBuildFile; fileRef = E9202E24296AB1A400D8E0EB /* SearchInteractor.swift */; };
		E9202E4F296AB1A500D8E0EB /* DetailInteractor.swift in Sources */ = {isa = PBXBuildFile; fileRef = E9202E25296AB1A400D8E0EB /* DetailInteractor.swift */; };
		E9202E50296AB1A500D8E0EB /* FavoriteInteractor.swift in Sources */ = {isa = PBXBuildFile; fileRef = E9202E26296AB1A400D8E0EB /* FavoriteInteractor.swift */; };
		E9202E51296AB1A500D8E0EB /* Injection.swift in Sources */ = {isa = PBXBuildFile; fileRef = E9202E28296AB1A400D8E0EB /* Injection.swift */; };
/* End PBXBuildFile section */

/* Begin PBXFileReference section */
		228EBE998D27F44FEC89E886 /* Pods-Core.release.xcconfig */ = {isa = PBXFileReference; includeInIndex = 1; lastKnownFileType = text.xcconfig; name = "Pods-Core.release.xcconfig"; path = "Target Support Files/Pods-Core/Pods-Core.release.xcconfig"; sourceTree = "<group>"; };
		40C24329A3B1C2137DCBB73D /* Pods-Core.debug.xcconfig */ = {isa = PBXFileReference; includeInIndex = 1; lastKnownFileType = text.xcconfig; name = "Pods-Core.debug.xcconfig"; path = "Target Support Files/Pods-Core/Pods-Core.debug.xcconfig"; sourceTree = "<group>"; };
		5725D68F7BA876C76ED90F6E /* Pods_Core.framework */ = {isa = PBXFileReference; explicitFileType = wrapper.framework; includeInIndex = 0; path = Pods_Core.framework; sourceTree = BUILT_PRODUCTS_DIR; };
		E9090A12296AA70F005CD081 /* Core.framework */ = {isa = PBXFileReference; explicitFileType = wrapper.framework; includeInIndex = 0; path = Core.framework; sourceTree = BUILT_PRODUCTS_DIR; };
		E9090A15296AA70F005CD081 /* Core.h */ = {isa = PBXFileReference; lastKnownFileType = sourcecode.c.h; path = Core.h; sourceTree = "<group>"; };
		E9090A16296AA70F005CD081 /* Core.docc */ = {isa = PBXFileReference; lastKnownFileType = folder.documentationcatalog; path = Core.docc; sourceTree = "<group>"; };
		E9202DEC296AB1A400D8E0EB /* ConstantsAPI.swift */ = {isa = PBXFileReference; fileEncoding = 4; lastKnownFileType = sourcecode.swift; path = ConstantsAPI.swift; sourceTree = "<group>"; };
		E9202DF0296AB1A400D8E0EB /* APICall.swift */ = {isa = PBXFileReference; fileEncoding = 4; lastKnownFileType = sourcecode.swift; path = APICall.swift; sourceTree = "<group>"; };
		E9202DF2296AB1A400D8E0EB /* Enums.swift */ = {isa = PBXFileReference; fileEncoding = 4; lastKnownFileType = sourcecode.swift; path = Enums.swift; sourceTree = "<group>"; };
		E9202DF4296AB1A400D8E0EB /* GenreMapper.swift */ = {isa = PBXFileReference; fileEncoding = 4; lastKnownFileType = sourcecode.swift; path = GenreMapper.swift; sourceTree = "<group>"; };
		E9202DF5296AB1A400D8E0EB /* MovieMapper.swift */ = {isa = PBXFileReference; fileEncoding = 4; lastKnownFileType = sourcecode.swift; path = MovieMapper.swift; sourceTree = "<group>"; };
		E9202DF6296AB1A400D8E0EB /* SimilarMovieMapper.swift */ = {isa = PBXFileReference; fileEncoding = 4; lastKnownFileType = sourcecode.swift; path = SimilarMovieMapper.swift; sourceTree = "<group>"; };
		E9202DF7296AB1A400D8E0EB /* DetailMovieMapper.swift */ = {isa = PBXFileReference; fileEncoding = 4; lastKnownFileType = sourcecode.swift; path = DetailMovieMapper.swift; sourceTree = "<group>"; };
		E9202DF8296AB1A400D8E0EB /* SearchMapper.swift */ = {isa = PBXFileReference; fileEncoding = 4; lastKnownFileType = sourcecode.swift; path = SearchMapper.swift; sourceTree = "<group>"; };
		E9202DF9296AB1A400D8E0EB /* NowPlayingMapper.swift */ = {isa = PBXFileReference; fileEncoding = 4; lastKnownFileType = sourcecode.swift; path = NowPlayingMapper.swift; sourceTree = "<group>"; };
		E9202DFB296AB1A400D8E0EB /* Double+Ext.swift */ = {isa = PBXFileReference; fileEncoding = 4; lastKnownFileType = sourcecode.swift; path = "Double+Ext.swift"; sourceTree = "<group>"; };
		E9202DFC296AB1A400D8E0EB /* Results+Ext.swift */ = {isa = PBXFileReference; fileEncoding = 4; lastKnownFileType = sourcecode.swift; path = "Results+Ext.swift"; sourceTree = "<group>"; };
		E9202DFD296AB1A400D8E0EB /* DatabaseError+Ext.swift */ = {isa = PBXFileReference; fileEncoding = 4; lastKnownFileType = sourcecode.swift; path = "DatabaseError+Ext.swift"; sourceTree = "<group>"; };
		E9202DFE296AB1A400D8E0EB /* List+Ext.swift */ = {isa = PBXFileReference; fileEncoding = 4; lastKnownFileType = sourcecode.swift; path = "List+Ext.swift"; sourceTree = "<group>"; };
		E9202DFF296AB1A400D8E0EB /* Int+Ext.swift */ = {isa = PBXFileReference; fileEncoding = 4; lastKnownFileType = sourcecode.swift; path = "Int+Ext.swift"; sourceTree = "<group>"; };
		E9202E00296AB1A400D8E0EB /* URLError+Ext.swift */ = {isa = PBXFileReference; fileEncoding = 4; lastKnownFileType = sourcecode.swift; path = "URLError+Ext.swift"; sourceTree = "<group>"; };
		E9202E04296AB1A400D8E0EB /* Helper.swift */ = {isa = PBXFileReference; fileEncoding = 4; lastKnownFileType = sourcecode.swift; path = Helper.swift; sourceTree = "<group>"; };
		E9202E07296AB1A400D8E0EB /* MovieRepositoryProtocol.swift */ = {isa = PBXFileReference; fileEncoding = 4; lastKnownFileType = sourcecode.swift; path = MovieRepositoryProtocol.swift; sourceTree = "<group>"; };
		E9202E0A296AB1A400D8E0EB /* MovieEntity.swift */ = {isa = PBXFileReference; fileEncoding = 4; lastKnownFileType = sourcecode.swift; path = MovieEntity.swift; sourceTree = "<group>"; };
		E9202E0C296AB1A400D8E0EB /* LocalProtocol.swift */ = {isa = PBXFileReference; fileEncoding = 4; lastKnownFileType = sourcecode.swift; path = LocalProtocol.swift; sourceTree = "<group>"; };
		E9202E0D296AB1A400D8E0EB /* LocalDataSource.swift */ = {isa = PBXFileReference; fileEncoding = 4; lastKnownFileType = sourcecode.swift; path = LocalDataSource.swift; sourceTree = "<group>"; };
		E9202E0E296AB1A400D8E0EB /* MovieRepository.swift */ = {isa = PBXFileReference; fileEncoding = 4; lastKnownFileType = sourcecode.swift; path = MovieRepository.swift; sourceTree = "<group>"; };
		E9202E11296AB1A400D8E0EB /* SimilarMovieResponse.swift */ = {isa = PBXFileReference; fileEncoding = 4; lastKnownFileType = sourcecode.swift; path = SimilarMovieResponse.swift; sourceTree = "<group>"; };
		E9202E12296AB1A400D8E0EB /* MovieResponse.swift */ = {isa = PBXFileReference; fileEncoding = 4; lastKnownFileType = sourcecode.swift; path = MovieResponse.swift; sourceTree = "<group>"; };
		E9202E13296AB1A400D8E0EB /* NowPlayingResponse.swift */ = {isa = PBXFileReference; fileEncoding = 4; lastKnownFileType = sourcecode.swift; path = NowPlayingResponse.swift; sourceTree = "<group>"; };
		E9202E14296AB1A400D8E0EB /* MovieDetailResponse.swift */ = {isa = PBXFileReference; fileEncoding = 4; lastKnownFileType = sourcecode.swift; path = MovieDetailResponse.swift; sourceTree = "<group>"; };
		E9202E15296AB1A400D8E0EB /* GenresResponse.swift */ = {isa = PBXFileReference; fileEncoding = 4; lastKnownFileType = sourcecode.swift; path = GenresResponse.swift; sourceTree = "<group>"; };
		E9202E16296AB1A400D8E0EB /* RemoteDataSource.swift */ = {isa = PBXFileReference; fileEncoding = 4; lastKnownFileType = sourcecode.swift; path = RemoteDataSource.swift; sourceTree = "<group>"; };
		E9202E18296AB1A400D8E0EB /* RemoteProtocol.swift */ = {isa = PBXFileReference; fileEncoding = 4; lastKnownFileType = sourcecode.swift; path = RemoteProtocol.swift; sourceTree = "<group>"; };
		E9202E1B296AB1A400D8E0EB /* UseCaseProtocol.swift */ = {isa = PBXFileReference; fileEncoding = 4; lastKnownFileType = sourcecode.swift; path = UseCaseProtocol.swift; sourceTree = "<group>"; };
		E9202E1D296AB1A400D8E0EB /* NowPlayingModel.swift */ = {isa = PBXFileReference; fileEncoding = 4; lastKnownFileType = sourcecode.swift; path = NowPlayingModel.swift; sourceTree = "<group>"; };
		E9202E1E296AB1A400D8E0EB /* MovieModel.swift */ = {isa = PBXFileReference; fileEncoding = 4; lastKnownFileType = sourcecode.swift; path = MovieModel.swift; sourceTree = "<group>"; };
		E9202E1F296AB1A400D8E0EB /* DetailMovieModel.swift */ = {isa = PBXFileReference; fileEncoding = 4; lastKnownFileType = sourcecode.swift; path = DetailMovieModel.swift; sourceTree = "<group>"; };
		E9202E20296AB1A400D8E0EB /* SimilarMovieModel.swift */ = {isa = PBXFileReference; fileEncoding = 4; lastKnownFileType = sourcecode.swift; path = SimilarMovieModel.swift; sourceTree = "<group>"; };
		E9202E21296AB1A400D8E0EB /* GenreModel.swift */ = {isa = PBXFileReference; fileEncoding = 4; lastKnownFileType = sourcecode.swift; path = GenreModel.swift; sourceTree = "<group>"; };
		E9202E23296AB1A400D8E0EB /* HomeInteractor.swift */ = {isa = PBXFileReference; fileEncoding = 4; lastKnownFileType = sourcecode.swift; path = HomeInteractor.swift; sourceTree = "<group>"; };
		E9202E24296AB1A400D8E0EB /* SearchInteractor.swift */ = {isa = PBXFileReference; fileEncoding = 4; lastKnownFileType = sourcecode.swift; path = SearchInteractor.swift; sourceTree = "<group>"; };
		E9202E25296AB1A400D8E0EB /* DetailInteractor.swift */ = {isa = PBXFileReference; fileEncoding = 4; lastKnownFileType = sourcecode.swift; path = DetailInteractor.swift; sourceTree = "<group>"; };
		E9202E26296AB1A400D8E0EB /* FavoriteInteractor.swift */ = {isa = PBXFileReference; fileEncoding = 4; lastKnownFileType = sourcecode.swift; path = FavoriteInteractor.swift; sourceTree = "<group>"; };
		E9202E28296AB1A400D8E0EB /* Injection.swift */ = {isa = PBXFileReference; fileEncoding = 4; lastKnownFileType = sourcecode.swift; path = Injection.swift; sourceTree = "<group>"; };
/* End PBXFileReference section */

/* Begin PBXFrameworksBuildPhase section */
		E9090A0F296AA70F005CD081 /* Frameworks */ = {
			isa = PBXFrameworksBuildPhase;
			buildActionMask = 2147483647;
			files = (
				AD39E8CBF38E91EC6E1AB7C7 /* Pods_Core.framework in Frameworks */,
			);
			runOnlyForDeploymentPostprocessing = 0;
		};
/* End PBXFrameworksBuildPhase section */

/* Begin PBXGroup section */
		293059FEAA52CFB447AA7E72 /* Frameworks */ = {
			isa = PBXGroup;
			children = (
				5725D68F7BA876C76ED90F6E /* Pods_Core.framework */,
			);
			name = Frameworks;
			sourceTree = "<group>";
		};
		962366ACBEA7771CD8A7354C /* Pods */ = {
			isa = PBXGroup;
			children = (
				40C24329A3B1C2137DCBB73D /* Pods-Core.debug.xcconfig */,
				228EBE998D27F44FEC89E886 /* Pods-Core.release.xcconfig */,
			);
			name = Pods;
			path = ../MovieX/Pods;
			sourceTree = "<group>";
		};
		E9090A08296AA70F005CD081 = {
			isa = PBXGroup;
			children = (
				E9090A14296AA70F005CD081 /* Core */,
				E9090A13296AA70F005CD081 /* Products */,
				962366ACBEA7771CD8A7354C /* Pods */,
				293059FEAA52CFB447AA7E72 /* Frameworks */,
			);
			sourceTree = "<group>";
		};
		E9090A13296AA70F005CD081 /* Products */ = {
			isa = PBXGroup;
			children = (
				E9090A12296AA70F005CD081 /* Core.framework */,
			);
			name = Products;
			sourceTree = "<group>";
		};
		E9090A14296AA70F005CD081 /* Core */ = {
			isa = PBXGroup;
			children = (
				E9202E05296AB1A400D8E0EB /* Data */,
				E9202E0E296AB1A400D8E0EB /* MovieRepository.swift */,
				E9202E27296AB1A400D8E0EB /* DI */,
				E9202E19296AB1A400D8E0EB /* Domain */,
				E9202DEA296AB1A400D8E0EB /* Utility */,
				E9090A15296AA70F005CD081 /* Core.h */,
				E9090A16296AA70F005CD081 /* Core.docc */,
			);
			path = Core;
			sourceTree = "<group>";
		};
		E9202DEA296AB1A400D8E0EB /* Utility */ = {
			isa = PBXGroup;
			children = (
				E9202DEB296AB1A400D8E0EB /* Constants */,
				E9202DEF296AB1A400D8E0EB /* Network */,
				E9202DF1296AB1A400D8E0EB /* Enums */,
				E9202DF3296AB1A400D8E0EB /* Mapper */,
				E9202DFA296AB1A400D8E0EB /* Extensions */,
				E9202E03296AB1A400D8E0EB /* Helper */,
			);
			path = Utility;
			sourceTree = "<group>";
		};
		E9202DEB296AB1A400D8E0EB /* Constants */ = {
			isa = PBXGroup;
			children = (
				E9202DEC296AB1A400D8E0EB /* ConstantsAPI.swift */,
			);
			path = Constants;
			sourceTree = "<group>";
		};
		E9202DEF296AB1A400D8E0EB /* Network */ = {
			isa = PBXGroup;
			children = (
				E9202DF0296AB1A400D8E0EB /* APICall.swift */,
			);
			path = Network;
			sourceTree = "<group>";
		};
		E9202DF1296AB1A400D8E0EB /* Enums */ = {
			isa = PBXGroup;
			children = (
				E9202DF2296AB1A400D8E0EB /* Enums.swift */,
			);
			path = Enums;
			sourceTree = "<group>";
		};
		E9202DF3296AB1A400D8E0EB /* Mapper */ = {
			isa = PBXGroup;
			children = (
				E9202DF4296AB1A400D8E0EB /* GenreMapper.swift */,
				E9202DF5296AB1A400D8E0EB /* MovieMapper.swift */,
				E9202DF6296AB1A400D8E0EB /* SimilarMovieMapper.swift */,
				E9202DF7296AB1A400D8E0EB /* DetailMovieMapper.swift */,
				E9202DF8296AB1A400D8E0EB /* SearchMapper.swift */,
				E9202DF9296AB1A400D8E0EB /* NowPlayingMapper.swift */,
			);
			path = Mapper;
			sourceTree = "<group>";
		};
		E9202DFA296AB1A400D8E0EB /* Extensions */ = {
			isa = PBXGroup;
			children = (
				E9202DFB296AB1A400D8E0EB /* Double+Ext.swift */,
				E9202DFC296AB1A400D8E0EB /* Results+Ext.swift */,
				E9202DFD296AB1A400D8E0EB /* DatabaseError+Ext.swift */,
				E9202DFE296AB1A400D8E0EB /* List+Ext.swift */,
				E9202DFF296AB1A400D8E0EB /* Int+Ext.swift */,
				E9202E00296AB1A400D8E0EB /* URLError+Ext.swift */,
			);
			path = Extensions;
			sourceTree = "<group>";
		};
		E9202E03296AB1A400D8E0EB /* Helper */ = {
			isa = PBXGroup;
			children = (
				E9202E04296AB1A400D8E0EB /* Helper.swift */,
			);
			path = Helper;
			sourceTree = "<group>";
		};
		E9202E05296AB1A400D8E0EB /* Data */ = {
			isa = PBXGroup;
			children = (
				E9202E06296AB1A400D8E0EB /* Protocol */,
				E9202E08296AB1A400D8E0EB /* Local */,
				E9202E0F296AB1A400D8E0EB /* Remote */,
			);
			path = Data;
			sourceTree = "<group>";
		};
		E9202E06296AB1A400D8E0EB /* Protocol */ = {
			isa = PBXGroup;
			children = (
				E9202E07296AB1A400D8E0EB /* MovieRepositoryProtocol.swift */,
			);
			path = Protocol;
			sourceTree = "<group>";
		};
		E9202E08296AB1A400D8E0EB /* Local */ = {
			isa = PBXGroup;
			children = (
				E9202E09296AB1A400D8E0EB /* Entity */,
				E9202E0B296AB1A400D8E0EB /* Protocol */,
				E9202E0D296AB1A400D8E0EB /* LocalDataSource.swift */,
			);
			path = Local;
			sourceTree = "<group>";
		};
		E9202E09296AB1A400D8E0EB /* Entity */ = {
			isa = PBXGroup;
			children = (
				E9202E0A296AB1A400D8E0EB /* MovieEntity.swift */,
			);
			path = Entity;
			sourceTree = "<group>";
		};
		E9202E0B296AB1A400D8E0EB /* Protocol */ = {
			isa = PBXGroup;
			children = (
				E9202E0C296AB1A400D8E0EB /* LocalProtocol.swift */,
			);
			path = Protocol;
			sourceTree = "<group>";
		};
		E9202E0F296AB1A400D8E0EB /* Remote */ = {
			isa = PBXGroup;
			children = (
				E9202E10296AB1A400D8E0EB /* Reponse */,
				E9202E16296AB1A400D8E0EB /* RemoteDataSource.swift */,
				E9202E17296AB1A400D8E0EB /* Protocol */,
			);
			path = Remote;
			sourceTree = "<group>";
		};
		E9202E10296AB1A400D8E0EB /* Reponse */ = {
			isa = PBXGroup;
			children = (
				E9202E11296AB1A400D8E0EB /* SimilarMovieResponse.swift */,
				E9202E12296AB1A400D8E0EB /* MovieResponse.swift */,
				E9202E13296AB1A400D8E0EB /* NowPlayingResponse.swift */,
				E9202E14296AB1A400D8E0EB /* MovieDetailResponse.swift */,
				E9202E15296AB1A400D8E0EB /* GenresResponse.swift */,
			);
			path = Reponse;
			sourceTree = "<group>";
		};
		E9202E17296AB1A400D8E0EB /* Protocol */ = {
			isa = PBXGroup;
			children = (
				E9202E18296AB1A400D8E0EB /* RemoteProtocol.swift */,
			);
			path = Protocol;
			sourceTree = "<group>";
		};
		E9202E19296AB1A400D8E0EB /* Domain */ = {
			isa = PBXGroup;
			children = (
				E9202E1A296AB1A400D8E0EB /* Protocol */,
				E9202E1C296AB1A400D8E0EB /* Model */,
				E9202E22296AB1A400D8E0EB /* UseCase */,
			);
			path = Domain;
			sourceTree = "<group>";
		};
		E9202E1A296AB1A400D8E0EB /* Protocol */ = {
			isa = PBXGroup;
			children = (
				E9202E1B296AB1A400D8E0EB /* UseCaseProtocol.swift */,
			);
			path = Protocol;
			sourceTree = "<group>";
		};
		E9202E1C296AB1A400D8E0EB /* Model */ = {
			isa = PBXGroup;
			children = (
				E9202E1D296AB1A400D8E0EB /* NowPlayingModel.swift */,
				E9202E1E296AB1A400D8E0EB /* MovieModel.swift */,
				E9202E1F296AB1A400D8E0EB /* DetailMovieModel.swift */,
				E9202E20296AB1A400D8E0EB /* SimilarMovieModel.swift */,
				E9202E21296AB1A400D8E0EB /* GenreModel.swift */,
			);
			path = Model;
			sourceTree = "<group>";
		};
		E9202E22296AB1A400D8E0EB /* UseCase */ = {
			isa = PBXGroup;
			children = (
				E9202E23296AB1A400D8E0EB /* HomeInteractor.swift */,
				E9202E24296AB1A400D8E0EB /* SearchInteractor.swift */,
				E9202E25296AB1A400D8E0EB /* DetailInteractor.swift */,
				E9202E26296AB1A400D8E0EB /* FavoriteInteractor.swift */,
			);
			path = UseCase;
			sourceTree = "<group>";
		};
		E9202E27296AB1A400D8E0EB /* DI */ = {
			isa = PBXGroup;
			children = (
				E9202E28296AB1A400D8E0EB /* Injection.swift */,
			);
			path = DI;
			sourceTree = "<group>";
		};
/* End PBXGroup section */

/* Begin PBXHeadersBuildPhase section */
		E9090A0D296AA70F005CD081 /* Headers */ = {
			isa = PBXHeadersBuildPhase;
			buildActionMask = 2147483647;
			files = (
				E9090A18296AA70F005CD081 /* Core.h in Headers */,
			);
			runOnlyForDeploymentPostprocessing = 0;
		};
/* End PBXHeadersBuildPhase section */

/* Begin PBXNativeTarget section */
		E9090A11296AA70F005CD081 /* Core */ = {
			isa = PBXNativeTarget;
			buildConfigurationList = E9090A1B296AA70F005CD081 /* Build configuration list for PBXNativeTarget "Core" */;
			buildPhases = (
				D5C6EC083909B950633510AE /* [CP] Check Pods Manifest.lock */,
				E9090A0D296AA70F005CD081 /* Headers */,
				E9090A0E296AA70F005CD081 /* Sources */,
				E9090A0F296AA70F005CD081 /* Frameworks */,
				E9090A10296AA70F005CD081 /* Resources */,
			);
			buildRules = (
			);
			dependencies = (
			);
			name = Core;
			productName = Core;
			productReference = E9090A12296AA70F005CD081 /* Core.framework */;
			productType = "com.apple.product-type.framework";
		};
/* End PBXNativeTarget section */

/* Begin PBXProject section */
		E9090A09296AA70F005CD081 /* Project object */ = {
			isa = PBXProject;
			attributes = {
				BuildIndependentTargetsInParallel = 1;
				LastUpgradeCheck = 1410;
				TargetAttributes = {
					E9090A11296AA70F005CD081 = {
						CreatedOnToolsVersion = 14.1;
					};
				};
			};
			buildConfigurationList = E9090A0C296AA70F005CD081 /* Build configuration list for PBXProject "Core" */;
			compatibilityVersion = "Xcode 14.0";
			developmentRegion = en;
			hasScannedForEncodings = 0;
			knownRegions = (
				en,
				Base,
			);
			mainGroup = E9090A08296AA70F005CD081;
			productRefGroup = E9090A13296AA70F005CD081 /* Products */;
			projectDirPath = "";
			projectRoot = "";
			targets = (
				E9090A11296AA70F005CD081 /* Core */,
			);
		};
/* End PBXProject section */

/* Begin PBXResourcesBuildPhase section */
		E9090A10296AA70F005CD081 /* Resources */ = {
			isa = PBXResourcesBuildPhase;
			buildActionMask = 2147483647;
			files = (
			);
			runOnlyForDeploymentPostprocessing = 0;
		};
/* End PBXResourcesBuildPhase section */

/* Begin PBXShellScriptBuildPhase section */
		D5C6EC083909B950633510AE /* [CP] Check Pods Manifest.lock */ = {
			isa = PBXShellScriptBuildPhase;
			buildActionMask = 2147483647;
			files = (
			);
			inputFileListPaths = (
			);
			inputPaths = (
				"${PODS_PODFILE_DIR_PATH}/Podfile.lock",
				"${PODS_ROOT}/Manifest.lock",
			);
			name = "[CP] Check Pods Manifest.lock";
			outputFileListPaths = (
			);
			outputPaths = (
				"$(DERIVED_FILE_DIR)/Pods-Core-checkManifestLockResult.txt",
			);
			runOnlyForDeploymentPostprocessing = 0;
			shellPath = /bin/sh;
			shellScript = "diff \"${PODS_PODFILE_DIR_PATH}/Podfile.lock\" \"${PODS_ROOT}/Manifest.lock\" > /dev/null\nif [ $? != 0 ] ; then\n    # print error to STDERR\n    echo \"error: The sandbox is not in sync with the Podfile.lock. Run 'pod install' or update your CocoaPods installation.\" >&2\n    exit 1\nfi\n# This output is used by Xcode 'outputs' to avoid re-running this script phase.\necho \"SUCCESS\" > \"${SCRIPT_OUTPUT_FILE_0}\"\n";
			showEnvVarsInLog = 0;
		};
/* End PBXShellScriptBuildPhase section */

/* Begin PBXSourcesBuildPhase section */
		E9090A0E296AA70F005CD081 /* Sources */ = {
			isa = PBXSourcesBuildPhase;
			buildActionMask = 2147483647;
			files = (
				E9202E4D296AB1A500D8E0EB /* HomeInteractor.swift in Sources */,
				E9202E48296AB1A500D8E0EB /* NowPlayingModel.swift in Sources */,
				E9202E4E296AB1A500D8E0EB /* SearchInteractor.swift in Sources */,
				E9202E2F296AB1A400D8E0EB /* SimilarMovieMapper.swift in Sources */,
				E9202E4B296AB1A500D8E0EB /* SimilarMovieModel.swift in Sources */,
				E9202E3D296AB1A400D8E0EB /* LocalProtocol.swift in Sources */,
				E9202E33296AB1A400D8E0EB /* Double+Ext.swift in Sources */,
				E9202E49296AB1A500D8E0EB /* MovieModel.swift in Sources */,
				E9202E30296AB1A400D8E0EB /* DetailMovieMapper.swift in Sources */,
				E9202E4C296AB1A500D8E0EB /* GenreModel.swift in Sources */,
				E9202E29296AB1A400D8E0EB /* ConstantsAPI.swift in Sources */,
				E9202E34296AB1A400D8E0EB /* Results+Ext.swift in Sources */,
				E9202E40296AB1A400D8E0EB /* SimilarMovieResponse.swift in Sources */,
				E9202E44296AB1A400D8E0EB /* GenresResponse.swift in Sources */,
				E9202E3F296AB1A400D8E0EB /* MovieRepository.swift in Sources */,
				E9202E47296AB1A500D8E0EB /* UseCaseProtocol.swift in Sources */,
				E9202E50296AB1A500D8E0EB /* FavoriteInteractor.swift in Sources */,
				E9202E32296AB1A400D8E0EB /* NowPlayingMapper.swift in Sources */,
				E9202E42296AB1A400D8E0EB /* NowPlayingResponse.swift in Sources */,
				E9202E51296AB1A500D8E0EB /* Injection.swift in Sources */,
				E9202E3A296AB1A400D8E0EB /* Helper.swift in Sources */,
				E9202E2D296AB1A400D8E0EB /* GenreMapper.swift in Sources */,
				E9202E41296AB1A400D8E0EB /* MovieResponse.swift in Sources */,
				E9202E4A296AB1A500D8E0EB /* DetailMovieModel.swift in Sources */,
				E9202E46296AB1A500D8E0EB /* RemoteProtocol.swift in Sources */,
				E9202E45296AB1A500D8E0EB /* RemoteDataSource.swift in Sources */,
				E9202E3B296AB1A400D8E0EB /* MovieRepositoryProtocol.swift in Sources */,
				E9202E38296AB1A400D8E0EB /* URLError+Ext.swift in Sources */,
				E9202E2C296AB1A400D8E0EB /* Enums.swift in Sources */,
				E9202E35296AB1A400D8E0EB /* DatabaseError+Ext.swift in Sources */,
				E9202E2E296AB1A400D8E0EB /* MovieMapper.swift in Sources */,
				E9202E4F296AB1A500D8E0EB /* DetailInteractor.swift in Sources */,
				E9202E36296AB1A400D8E0EB /* List+Ext.swift in Sources */,
				E9202E3E296AB1A400D8E0EB /* LocalDataSource.swift in Sources */,
				E9202E43296AB1A400D8E0EB /* MovieDetailResponse.swift in Sources */,
				E9202E2B296AB1A400D8E0EB /* APICall.swift in Sources */,
				E9202E31296AB1A400D8E0EB /* SearchMapper.swift in Sources */,
				E9202E3C296AB1A400D8E0EB /* MovieEntity.swift in Sources */,
				E9090A17296AA70F005CD081 /* Core.docc in Sources */,
				E9202E37296AB1A400D8E0EB /* Int+Ext.swift in Sources */,
			);
			runOnlyForDeploymentPostprocessing = 0;
		};
/* End PBXSourcesBuildPhase section */

/* Begin XCBuildConfiguration section */
		E9090A19296AA70F005CD081 /* Debug */ = {
			isa = XCBuildConfiguration;
			buildSettings = {
				ALWAYS_SEARCH_USER_PATHS = NO;
				CLANG_ANALYZER_NONNULL = YES;
				CLANG_ANALYZER_NUMBER_OBJECT_CONVERSION = YES_AGGRESSIVE;
				CLANG_CXX_LANGUAGE_STANDARD = "gnu++20";
				CLANG_ENABLE_MODULES = YES;
				CLANG_ENABLE_OBJC_ARC = YES;
				CLANG_ENABLE_OBJC_WEAK = YES;
				CLANG_WARN_BLOCK_CAPTURE_AUTORELEASING = YES;
				CLANG_WARN_BOOL_CONVERSION = YES;
				CLANG_WARN_COMMA = YES;
				CLANG_WARN_CONSTANT_CONVERSION = YES;
				CLANG_WARN_DEPRECATED_OBJC_IMPLEMENTATIONS = YES;
				CLANG_WARN_DIRECT_OBJC_ISA_USAGE = YES_ERROR;
				CLANG_WARN_DOCUMENTATION_COMMENTS = YES;
				CLANG_WARN_EMPTY_BODY = YES;
				CLANG_WARN_ENUM_CONVERSION = YES;
				CLANG_WARN_INFINITE_RECURSION = YES;
				CLANG_WARN_INT_CONVERSION = YES;
				CLANG_WARN_NON_LITERAL_NULL_CONVERSION = YES;
				CLANG_WARN_OBJC_IMPLICIT_RETAIN_SELF = YES;
				CLANG_WARN_OBJC_LITERAL_CONVERSION = YES;
				CLANG_WARN_OBJC_ROOT_CLASS = YES_ERROR;
				CLANG_WARN_QUOTED_INCLUDE_IN_FRAMEWORK_HEADER = YES;
				CLANG_WARN_RANGE_LOOP_ANALYSIS = YES;
				CLANG_WARN_STRICT_PROTOTYPES = YES;
				CLANG_WARN_SUSPICIOUS_MOVE = YES;
				CLANG_WARN_UNGUARDED_AVAILABILITY = YES_AGGRESSIVE;
				CLANG_WARN_UNREACHABLE_CODE = YES;
				CLANG_WARN__DUPLICATE_METHOD_MATCH = YES;
				COPY_PHASE_STRIP = NO;
				CURRENT_PROJECT_VERSION = 1;
				DEBUG_INFORMATION_FORMAT = dwarf;
				ENABLE_STRICT_OBJC_MSGSEND = YES;
				ENABLE_TESTABILITY = YES;
				GCC_C_LANGUAGE_STANDARD = gnu11;
				GCC_DYNAMIC_NO_PIC = NO;
				GCC_NO_COMMON_BLOCKS = YES;
				GCC_OPTIMIZATION_LEVEL = 0;
				GCC_PREPROCESSOR_DEFINITIONS = (
					"DEBUG=1",
					"$(inherited)",
				);
				GCC_WARN_64_TO_32_BIT_CONVERSION = YES;
				GCC_WARN_ABOUT_RETURN_TYPE = YES_ERROR;
				GCC_WARN_UNDECLARED_SELECTOR = YES;
				GCC_WARN_UNINITIALIZED_AUTOS = YES_AGGRESSIVE;
				GCC_WARN_UNUSED_FUNCTION = YES;
				GCC_WARN_UNUSED_VARIABLE = YES;
				IPHONEOS_DEPLOYMENT_TARGET = 16.1;
				MTL_ENABLE_DEBUG_INFO = INCLUDE_SOURCE;
				MTL_FAST_MATH = YES;
				ONLY_ACTIVE_ARCH = YES;
				SDKROOT = iphoneos;
				SWIFT_ACTIVE_COMPILATION_CONDITIONS = DEBUG;
				SWIFT_OPTIMIZATION_LEVEL = "-Onone";
				VERSIONING_SYSTEM = "apple-generic";
				VERSION_INFO_PREFIX = "";
			};
			name = Debug;
		};
		E9090A1A296AA70F005CD081 /* Release */ = {
			isa = XCBuildConfiguration;
			buildSettings = {
				ALWAYS_SEARCH_USER_PATHS = NO;
				CLANG_ANALYZER_NONNULL = YES;
				CLANG_ANALYZER_NUMBER_OBJECT_CONVERSION = YES_AGGRESSIVE;
				CLANG_CXX_LANGUAGE_STANDARD = "gnu++20";
				CLANG_ENABLE_MODULES = YES;
				CLANG_ENABLE_OBJC_ARC = YES;
				CLANG_ENABLE_OBJC_WEAK = YES;
				CLANG_WARN_BLOCK_CAPTURE_AUTORELEASING = YES;
				CLANG_WARN_BOOL_CONVERSION = YES;
				CLANG_WARN_COMMA = YES;
				CLANG_WARN_CONSTANT_CONVERSION = YES;
				CLANG_WARN_DEPRECATED_OBJC_IMPLEMENTATIONS = YES;
				CLANG_WARN_DIRECT_OBJC_ISA_USAGE = YES_ERROR;
				CLANG_WARN_DOCUMENTATION_COMMENTS = YES;
				CLANG_WARN_EMPTY_BODY = YES;
				CLANG_WARN_ENUM_CONVERSION = YES;
				CLANG_WARN_INFINITE_RECURSION = YES;
				CLANG_WARN_INT_CONVERSION = YES;
				CLANG_WARN_NON_LITERAL_NULL_CONVERSION = YES;
				CLANG_WARN_OBJC_IMPLICIT_RETAIN_SELF = YES;
				CLANG_WARN_OBJC_LITERAL_CONVERSION = YES;
				CLANG_WARN_OBJC_ROOT_CLASS = YES_ERROR;
				CLANG_WARN_QUOTED_INCLUDE_IN_FRAMEWORK_HEADER = YES;
				CLANG_WARN_RANGE_LOOP_ANALYSIS = YES;
				CLANG_WARN_STRICT_PROTOTYPES = YES;
				CLANG_WARN_SUSPICIOUS_MOVE = YES;
				CLANG_WARN_UNGUARDED_AVAILABILITY = YES_AGGRESSIVE;
				CLANG_WARN_UNREACHABLE_CODE = YES;
				CLANG_WARN__DUPLICATE_METHOD_MATCH = YES;
				COPY_PHASE_STRIP = NO;
				CURRENT_PROJECT_VERSION = 1;
				DEBUG_INFORMATION_FORMAT = "dwarf-with-dsym";
				ENABLE_NS_ASSERTIONS = NO;
				ENABLE_STRICT_OBJC_MSGSEND = YES;
				GCC_C_LANGUAGE_STANDARD = gnu11;
				GCC_NO_COMMON_BLOCKS = YES;
				GCC_WARN_64_TO_32_BIT_CONVERSION = YES;
				GCC_WARN_ABOUT_RETURN_TYPE = YES_ERROR;
				GCC_WARN_UNDECLARED_SELECTOR = YES;
				GCC_WARN_UNINITIALIZED_AUTOS = YES_AGGRESSIVE;
				GCC_WARN_UNUSED_FUNCTION = YES;
				GCC_WARN_UNUSED_VARIABLE = YES;
				IPHONEOS_DEPLOYMENT_TARGET = 16.1;
				MTL_ENABLE_DEBUG_INFO = NO;
				MTL_FAST_MATH = YES;
				SDKROOT = iphoneos;
				SWIFT_COMPILATION_MODE = wholemodule;
				SWIFT_OPTIMIZATION_LEVEL = "-O";
				VALIDATE_PRODUCT = YES;
				VERSIONING_SYSTEM = "apple-generic";
				VERSION_INFO_PREFIX = "";
			};
			name = Release;
		};
		E9090A1C296AA70F005CD081 /* Debug */ = {
			isa = XCBuildConfiguration;
			baseConfigurationReference = 40C24329A3B1C2137DCBB73D /* Pods-Core.debug.xcconfig */;
			buildSettings = {
				CODE_SIGN_STYLE = Automatic;
				CURRENT_PROJECT_VERSION = 1;
				DEFINES_MODULE = YES;
				DEVELOPMENT_TEAM = Q6JT9SDQN5;
				DYLIB_COMPATIBILITY_VERSION = 1;
				DYLIB_CURRENT_VERSION = 1;
				DYLIB_INSTALL_NAME_BASE = "@rpath";
				GENERATE_INFOPLIST_FILE = YES;
				INFOPLIST_KEY_NSHumanReadableCopyright = "";
				INSTALL_PATH = "$(LOCAL_LIBRARY_DIR)/Frameworks";
				LD_RUNPATH_SEARCH_PATHS = (
					"$(inherited)",
					"@executable_path/Frameworks",
					"@loader_path/Frameworks",
				);
				MARKETING_VERSION = 1.0;
				PRODUCT_BUNDLE_IDENTIFIER = com.dimas.Core;
				PRODUCT_NAME = "$(TARGET_NAME:c99extidentifier)";
				SKIP_INSTALL = YES;
				SWIFT_EMIT_LOC_STRINGS = YES;
				SWIFT_VERSION = 5.0;
				TARGETED_DEVICE_FAMILY = "1,2";
			};
			name = Debug;
		};
		E9090A1D296AA70F005CD081 /* Release */ = {
			isa = XCBuildConfiguration;
			baseConfigurationReference = 228EBE998D27F44FEC89E886 /* Pods-Core.release.xcconfig */;
			buildSettings = {
				CODE_SIGN_STYLE = Automatic;
				CURRENT_PROJECT_VERSION = 1;
				DEFINES_MODULE = YES;
				DEVELOPMENT_TEAM = Q6JT9SDQN5;
				DYLIB_COMPATIBILITY_VERSION = 1;
				DYLIB_CURRENT_VERSION = 1;
				DYLIB_INSTALL_NAME_BASE = "@rpath";
				GENERATE_INFOPLIST_FILE = YES;
				INFOPLIST_KEY_NSHumanReadableCopyright = "";
				INSTALL_PATH = "$(LOCAL_LIBRARY_DIR)/Frameworks";
				LD_RUNPATH_SEARCH_PATHS = (
					"$(inherited)",
					"@executable_path/Frameworks",
					"@loader_path/Frameworks",
				);
				MARKETING_VERSION = 1.0;
				PRODUCT_BUNDLE_IDENTIFIER = com.dimas.Core;
				PRODUCT_NAME = "$(TARGET_NAME:c99extidentifier)";
				SKIP_INSTALL = YES;
				SWIFT_EMIT_LOC_STRINGS = YES;
				SWIFT_VERSION = 5.0;
				TARGETED_DEVICE_FAMILY = "1,2";
			};
			name = Release;
		};
/* End XCBuildConfiguration section */

/* Begin XCConfigurationList section */
		E9090A0C296AA70F005CD081 /* Build configuration list for PBXProject "Core" */ = {
			isa = XCConfigurationList;
			buildConfigurations = (
				E9090A19296AA70F005CD081 /* Debug */,
				E9090A1A296AA70F005CD081 /* Release */,
			);
			defaultConfigurationIsVisible = 0;
			defaultConfigurationName = Release;
		};
		E9090A1B296AA70F005CD081 /* Build configuration list for PBXNativeTarget "Core" */ = {
			isa = XCConfigurationList;
			buildConfigurations = (
				E9090A1C296AA70F005CD081 /* Debug */,
				E9090A1D296AA70F005CD081 /* Release */,
			);
			defaultConfigurationIsVisible = 0;
			defaultConfigurationName = Release;
		};
/* End XCConfigurationList section */
	};
	rootObject = E9090A09296AA70F005CD081 /* Project object */;
}
